
Microsoft Visual Studio Solution File, Format Version 12.00
# Visual Studio Version 16
VisualStudioVersion = 16.0.29503.13
MinimumVisualStudioVersion = 10.0.40219.1
Project("{FAE04EC0-301F-11D3-BF4B-00C04F79EFBC}") = "Tutorial003", "Tutorial003\Tutorial003.csproj", "{FDFA39D6-6CA9-4721-A489-E0E0CEF57476}"
EndProject
Global
	GlobalSection(SolutionConfigurationPlatforms) = preSolution
		Debug|Any CPU = Debug|Any CPU
		Release|Any CPU = Release|Any CPU
	EndGlobalSection
	GlobalSection(ProjectConfigurationPlatforms) = postSolution
		{FDFA39D6-6CA9-4721-A489-E0E0CEF57476}.Debug|Any CPU.ActiveCfg = Debug|Any CPU
		{FDFA39D6-6CA9-4721-A489-E0E0CEF57476}.Debug|Any CPU.Build.0 = Debug|Any CPU
		{FDFA39D6-6CA9-4721-A489-E0E0CEF57476}.Release|Any CPU.ActiveCfg = Release|Any CPU
		{FDFA39D6-6CA9-4721-A489-E0E0CEF57476}.Release|Any CPU.Build.0 = Release|Any CPU
	EndGlobalSection
	GlobalSection(SolutionProperties) = preSolution
		HideSolutionNode = FALSE
	EndGlobalSection
	GlobalSection(ExtensibilityGlobals) = postSolution
		SolutionGuid = {C6C148FD-6B7D-44FA-BB4A-295A4119C517}
	EndGlobalSection
EndGlobal
