
Microsoft Visual Studio Solution File, Format Version 12.00
# Visual Studio Version 16
VisualStudioVersion = 16.0.29503.13
MinimumVisualStudioVersion = 10.0.40219.1
Project("{FAE04EC0-301F-11D3-BF4B-00C04F79EFBC}") = "Tutorial009", "Tutorial009\Tutorial009.csproj", "{F03395F6-B5B5-4943-B7FA-9AD5E74E777F}"
EndProject
Global
	GlobalSection(SolutionConfigurationPlatforms) = preSolution
		Debug|Any CPU = Debug|Any CPU
		Release|Any CPU = Release|Any CPU
	EndGlobalSection
	GlobalSection(ProjectConfigurationPlatforms) = postSolution
		{F03395F6-B5B5-4943-B7FA-9AD5E74E777F}.Debug|Any CPU.ActiveCfg = Debug|Any CPU
		{F03395F6-B5B5-4943-B7FA-9AD5E74E777F}.Debug|Any CPU.Build.0 = Debug|Any CPU
		{F03395F6-B5B5-4943-B7FA-9AD5E74E777F}.Release|Any CPU.ActiveCfg = Release|Any CPU
		{F03395F6-B5B5-4943-B7FA-9AD5E74E777F}.Release|Any CPU.Build.0 = Release|Any CPU
	EndGlobalSection
	GlobalSection(SolutionProperties) = preSolution
		HideSolutionNode = FALSE
	EndGlobalSection
	GlobalSection(ExtensibilityGlobals) = postSolution
		SolutionGuid = {78DA4464-4951-4BD6-9653-A3EFB4340D34}
	EndGlobalSection
EndGlobal
