
Microsoft Visual Studio Solution File, Format Version 12.00
# Visual Studio Version 16
VisualStudioVersion = 16.0.29503.13
MinimumVisualStudioVersion = 10.0.40219.1
Project("{FAE04EC0-301F-11D3-BF4B-00C04F79EFBC}") = "Tutorial008", "Tutorial008\Tutorial008.csproj", "{67B922B2-9FF7-4404-9177-5EC4E1FAEBDC}"
EndProject
Global
	GlobalSection(SolutionConfigurationPlatforms) = preSolution
		Debug|Any CPU = Debug|Any CPU
		Release|Any CPU = Release|Any CPU
	EndGlobalSection
	GlobalSection(ProjectConfigurationPlatforms) = postSolution
		{67B922B2-9FF7-4404-9177-5EC4E1FAEBDC}.Debug|Any CPU.ActiveCfg = Debug|Any CPU
		{67B922B2-9FF7-4404-9177-5EC4E1FAEBDC}.Debug|Any CPU.Build.0 = Debug|Any CPU
		{67B922B2-9FF7-4404-9177-5EC4E1FAEBDC}.Release|Any CPU.ActiveCfg = Release|Any CPU
		{67B922B2-9FF7-4404-9177-5EC4E1FAEBDC}.Release|Any CPU.Build.0 = Release|Any CPU
	EndGlobalSection
	GlobalSection(SolutionProperties) = preSolution
		HideSolutionNode = FALSE
	EndGlobalSection
	GlobalSection(ExtensibilityGlobals) = postSolution
		SolutionGuid = {C3C234F3-9861-4F85-8294-C980F97B3426}
	EndGlobalSection
EndGlobal
